
Microsoft Visual Studio Solution File, Format Version 12.00
# Visual Studio Version 17
VisualStudioVersion = 17.8.34316.72
MinimumVisualStudioVersion = 10.0.40219.1
Project("{F184B08F-C81C-45F6-A57F-5ABD9991F28F}") = "MQTT_Connection", "MQTT_Connection\MQTT_Connection.vbproj", "{A6A9040E-1434-4F33-BFBC-EC7E581BE582}"
EndProject
Project("{2150E333-8FDC-42A3-9474-1A3956D46DE8}") = "Solution Items", "Solution Items", "{FED562AF-F767-43ED-8E76-4D7E1C303CBA}"
	ProjectSection(SolutionItems) = preProject
		.env = .env
		actualizar_nivel_de_acceso.json = actualizar_nivel_de_acceso.json
		agregar_usuario.json = agregar_usuario.json
		agregar_usuario_sin_foto.json = agregar_usuario_sin_foto.json
		editar_rostro.json = editar_rostro.json
		editar_usuario.json = editar_usuario.json
		eliminar_usuario.json = eliminar_usuario.json
		obtener_informacion_de_persona_por_id.json = obtener_informacion_de_persona_por_id.json
	EndProjectSection
EndProject
Global
	GlobalSection(SolutionConfigurationPlatforms) = preSolution
		Debug|Any CPU = Debug|Any CPU
		Release|Any CPU = Release|Any CPU
	EndGlobalSection
	GlobalSection(ProjectConfigurationPlatforms) = postSolution
		{A6A9040E-1434-4F33-BFBC-EC7E581BE582}.Debug|Any CPU.ActiveCfg = Debug|Any CPU
		{A6A9040E-1434-4F33-BFBC-EC7E581BE582}.Debug|Any CPU.Build.0 = Debug|Any CPU
		{A6A9040E-1434-4F33-BFBC-EC7E581BE582}.Release|Any CPU.ActiveCfg = Release|Any CPU
		{A6A9040E-1434-4F33-BFBC-EC7E581BE582}.Release|Any CPU.Build.0 = Release|Any CPU
	EndGlobalSection
	GlobalSection(SolutionProperties) = preSolution
		HideSolutionNode = FALSE
	EndGlobalSection
	GlobalSection(ExtensibilityGlobals) = postSolution
		SolutionGuid = {059CBEFF-6A4D-44BD-B7D7-F5BAF64574A6}
	EndGlobalSection
EndGlobal
